<?xml version="1.0" encoding="utf-8"?>
<Project ToolsVersion="4.0" xmlns="http://schemas.microsoft.com/developer/msbuild/2003">
  <ItemGroup>
    <ClInclude Include="jsGraphicDevice_DX11.h">
      <Filter>Graphics</Filter>
    </ClInclude>
    <ClInclude Include="jsGraphics.h">
      <Filter>Graphics</Filter>
    </ClInclude>
    <ClInclude Include="CommonInclude.h">
      <Filter>Common</Filter>
    </ClInclude>
    <ClInclude Include="jsApplication.h">
      <Filter>High Level Interface</Filter>
    </ClInclude>
    <ClInclude Include="jsEngine.h">
      <Filter>Common</Filter>
    </ClInclude>
    <ClInclude Include="jsEnums.h">
      <Filter>Common</Filter>
    </ClInclude>
    <ClInclude Include="jsInput.h">
      <Filter>Input</Filter>
    </ClInclude>
    <ClInclude Include="jsTime.h">
      <Filter>Time</Filter>
    </ClInclude>
    <ClInclude Include="jsMath.h">
      <Filter>Common\Math</Filter>
    </ClInclude>
    <ClInclude Include="jsEntity.h">
      <Filter>Common</Filter>
    </ClInclude>
    <ClInclude Include="jsRenderer.h">
      <Filter>Renderer</Filter>
    </ClInclude>
    <ClInclude Include="jsResource.h">
      <Filter>Resource\Base</Filter>
    </ClInclude>
    <ClInclude Include="jsResources.h">
      <Filter>Resource\Base</Filter>
    </ClInclude>
    <ClInclude Include="jsComponent.h">
      <Filter>Component</Filter>
    </ClInclude>
    <ClInclude Include="jsMeshRenderer.h">
      <Filter>Component</Filter>
    </ClInclude>
    <ClInclude Include="jsTransform.h">
      <Filter>Component</Filter>
    </ClInclude>
    <ClInclude Include="jsMesh.h">
      <Filter>Resource\Mesh</Filter>
    </ClInclude>
    <ClInclude Include="jsShader.h">
      <Filter>Resource\Shader</Filter>
    </ClInclude>
    <ClInclude Include="jsTexture.h">
      <Filter>Resource\Texture</Filter>
    </ClInclude>
    <ClInclude Include="jsScene.h">
      <Filter>Scene\Base</Filter>
    </ClInclude>
    <ClInclude Include="jsGameObject.h">
      <Filter>GameObject</Filter>
    </ClInclude>
    <ClInclude Include="jsLayer.h">
      <Filter>Scene\Base</Filter>
    </ClInclude>
    <ClInclude Include="jsSceneManager.h">
      <Filter>Scene\Base</Filter>
    </ClInclude>
  </ItemGroup>
  <ItemGroup>
    <ClCompile Include="jsGraphicDevice_DX11.cpp">
      <Filter>Graphics</Filter>
    </ClCompile>
    <ClCompile Include="jsApplication.cpp">
      <Filter>High Level Interface</Filter>
    </ClCompile>
    <ClCompile Include="jsInput.cpp">
      <Filter>Input</Filter>
    </ClCompile>
    <ClCompile Include="jsTime.cpp">
      <Filter>Time</Filter>
    </ClCompile>
    <ClCompile Include="jsMath.cpp">
      <Filter>Common\Math</Filter>
    </ClCompile>
    <ClCompile Include="jsEntity.cpp">
      <Filter>Common</Filter>
    </ClCompile>
    <ClCompile Include="jsRenderer.cpp">
      <Filter>Renderer</Filter>
    </ClCompile>
    <ClCompile Include="jsResource.cpp">
      <Filter>Resource\Base</Filter>
    </ClCompile>
    <ClCompile Include="jsResources.cpp">
      <Filter>Resource\Base</Filter>
    </ClCompile>
    <ClCompile Include="jsComponent.cpp">
      <Filter>Component</Filter>
    </ClCompile>
    <ClCompile Include="jsMeshRenderer.cpp">
      <Filter>Component</Filter>
    </ClCompile>
    <ClCompile Include="jsTransform.cpp">
      <Filter>Component</Filter>
    </ClCompile>
    <ClCompile Include="jsMesh.cpp">
      <Filter>Resource\Mesh</Filter>
    </ClCompile>
    <ClCompile Include="jsShader.cpp">
      <Filter>Resource\Shader</Filter>
    </ClCompile>
    <ClCompile Include="jsTexture.cpp">
      <Filter>Resource\Texture</Filter>
    </ClCompile>
    <ClCompile Include="jsScene.cpp">
      <Filter>Scene\Base</Filter>
    </ClCompile>
    <ClCompile Include="jsGameObject.cpp">
      <Filter>GameObject</Filter>
    </ClCompile>
    <ClCompile Include="jsLayer.cpp">
      <Filter>Scene\Base</Filter>
    </ClCompile>
    <ClCompile Include="jsSceneManager.cpp">
      <Filter>Scene\Base</Filter>
    </ClCompile>
  </ItemGroup>
  <ItemGroup>
    <Filter Include="Graphics">
      <UniqueIdentifier>{7fa48200-dd75-43dd-a4c9-bfbe61ac73ec}</UniqueIdentifier>
    </Filter>
    <Filter Include="Common">
      <UniqueIdentifier>{4a2e9d96-bd05-400d-ae17-c1f774862c22}</UniqueIdentifier>
    </Filter>
    <Filter Include="High Level Interface">
      <UniqueIdentifier>{8e67625e-eaaf-46a1-921d-5a6727f51c59}</UniqueIdentifier>
    </Filter>
    <Filter Include="Input">
      <UniqueIdentifier>{acde7bee-443d-485a-a2af-ca18492f2c54}</UniqueIdentifier>
    </Filter>
    <Filter Include="Time">
      <UniqueIdentifier>{0b23805a-1d5a-4dbe-a20d-d5e5db1b42ef}</UniqueIdentifier>
    </Filter>
    <Filter Include="Resource">
      <UniqueIdentifier>{7809fe73-fa9d-41a3-87ad-c47a1b6f55f4}</UniqueIdentifier>
    </Filter>
    <Filter Include="Common\Math">
      <UniqueIdentifier>{ef054d20-5976-4d6a-9865-5310c06c2734}</UniqueIdentifier>
    </Filter>
    <Filter Include="Renderer">
      <UniqueIdentifier>{2fe53ad0-af3b-4d4b-b89e-55471a37b35d}</UniqueIdentifier>
    </Filter>
    <Filter Include="Resource\Mesh">
      <UniqueIdentifier>{1dadcc05-9d70-49cd-939d-1ddc9035de2b}</UniqueIdentifier>
    </Filter>
    <Filter Include="Resource\Shader">
      <UniqueIdentifier>{c9ad3a03-3bad-4cb5-a2a6-1614882cee72}</UniqueIdentifier>
    </Filter>
    <Filter Include="Component">
      <UniqueIdentifier>{e5732a3e-7309-4629-a668-a0541b45c054}</UniqueIdentifier>
    </Filter>
    <Filter Include="GameObject">
      <UniqueIdentifier>{340f59e6-b564-43fa-a84e-3a33d9f825d2}</UniqueIdentifier>
    </Filter>
    <Filter Include="Resource\Material">
      <UniqueIdentifier>{113ec07c-3f49-4157-9f04-c638885d1bc2}</UniqueIdentifier>
    </Filter>
    <Filter Include="Resource\Texture">
      <UniqueIdentifier>{80364776-f337-4107-8ee9-ce85375e4396}</UniqueIdentifier>
    </Filter>
    <Filter Include="Scene">
      <UniqueIdentifier>{7dcc4fc8-b37b-4a80-be7e-e4de37ab9823}</UniqueIdentifier>
    </Filter>
    <Filter Include="Resource\Base">
      <UniqueIdentifier>{ef577f28-1b6c-42f2-8f0e-de0d68877d1a}</UniqueIdentifier>
    </Filter>
    <Filter Include="Scene\Base">
      <UniqueIdentifier>{2447cf89-ffb3-4056-9e0a-d04035698cc1}</UniqueIdentifier>
    </Filter>
  </ItemGroup>
  <ItemGroup>
    <None Include="jsMath.inl">
      <Filter>Common\Math</Filter>
    </None>
  </ItemGroup>
</Project>